
Microsoft Visual Studio Solution File, Format Version 12.00
# Visual Studio 14
VisualStudioVersion = 14.0.25420.1
MinimumVisualStudioVersion = 10.0.40219.1
Project("{FAE04EC0-301F-11D3-BF4B-00C04F79EFBC}") = "Sample1.Web", "Sample1.Web\Sample1.Web.csproj", "{64BC5F09-6DD3-457F-8B18-3F0ED300F812}"
EndProject
Project("{FAE04EC0-301F-11D3-BF4B-00C04F79EFBC}") = "Sample1.Tests", "Sample1.Tests\Sample1.Tests.csproj", "{F92CDDA7-78FC-414C-8075-0789A0E40A1B}"
EndProject
Project("{FAE04EC0-301F-11D3-BF4B-00C04F79EFBC}") = "Sample1.DBFirst.Data", "Sample1.Infrastructure\Sample1.DBFirst.Data.csproj", "{D05A900B-19AC-4206-A428-E4015B11F919}"
EndProject
Project("{FAE04EC0-301F-11D3-BF4B-00C04F79EFBC}") = "Sample1.DbFirstManual.Data.Core", "Sample1.DbFirstManual.Data.Core\Sample1.DbFirstManual.Data.Core.csproj", "{2D258E10-B72C-4A09-B03B-8EECC76765CE}"
EndProject
Project("{FAE04EC0-301F-11D3-BF4B-00C04F79EFBC}") = "Sample1.DbFirstManual.Data.Infrastructure", "Sample1.DbFirstManual.Data.Infrastructure\Sample1.DbFirstManual.Data.Infrastructure.csproj", "{BAE9BE39-A0B6-410A-AE89-BF170E018BF0}"
EndProject
Project("{2150E333-8FDC-42A3-9474-1A3956D46DE8}") = "Option1", "Option1", "{E064DFAE-4604-4AA7-9227-F66CB5A572FF}"
EndProject
Project("{2150E333-8FDC-42A3-9474-1A3956D46DE8}") = "Option2", "Option2", "{FF896BAB-B843-4796-9067-0B090CB8181F}"
EndProject
Project("{2150E333-8FDC-42A3-9474-1A3956D46DE8}") = "Option3", "Option3", "{A6B52C05-2E0A-472F-A052-C81FD1525BD2}"
EndProject
Project("{FAE04EC0-301F-11D3-BF4B-00C04F79EFBC}") = "Sample1.DbFirstManual2.Data.Core", "Sample1.DbFirstManual2.Data.Core\Sample1.DbFirstManual2.Data.Core.csproj", "{C4F1C392-A6F3-4748-AB45-9BA6F7DFFAD3}"
EndProject
Project("{FAE04EC0-301F-11D3-BF4B-00C04F79EFBC}") = "Sample1.DbFirstManual2.Data.Infrastructure", "Sample1.DbFirstManual2.Data.Infrastructure\Sample1.DbFirstManual2.Data.Infrastructure.csproj", "{0D1A363F-785C-4DD6-9607-B7BE5594DC87}"
EndProject
Global
	GlobalSection(SolutionConfigurationPlatforms) = preSolution
		Debug|Any CPU = Debug|Any CPU
		Release|Any CPU = Release|Any CPU
	EndGlobalSection
	GlobalSection(ProjectConfigurationPlatforms) = postSolution
		{64BC5F09-6DD3-457F-8B18-3F0ED300F812}.Debug|Any CPU.ActiveCfg = Debug|Any CPU
		{64BC5F09-6DD3-457F-8B18-3F0ED300F812}.Debug|Any CPU.Build.0 = Debug|Any CPU
		{64BC5F09-6DD3-457F-8B18-3F0ED300F812}.Release|Any CPU.ActiveCfg = Release|Any CPU
		{64BC5F09-6DD3-457F-8B18-3F0ED300F812}.Release|Any CPU.Build.0 = Release|Any CPU
		{F92CDDA7-78FC-414C-8075-0789A0E40A1B}.Debug|Any CPU.ActiveCfg = Debug|Any CPU
		{F92CDDA7-78FC-414C-8075-0789A0E40A1B}.Debug|Any CPU.Build.0 = Debug|Any CPU
		{F92CDDA7-78FC-414C-8075-0789A0E40A1B}.Release|Any CPU.ActiveCfg = Release|Any CPU
		{F92CDDA7-78FC-414C-8075-0789A0E40A1B}.Release|Any CPU.Build.0 = Release|Any CPU
		{D05A900B-19AC-4206-A428-E4015B11F919}.Debug|Any CPU.ActiveCfg = Debug|Any CPU
		{D05A900B-19AC-4206-A428-E4015B11F919}.Debug|Any CPU.Build.0 = Debug|Any CPU
		{D05A900B-19AC-4206-A428-E4015B11F919}.Release|Any CPU.ActiveCfg = Release|Any CPU
		{D05A900B-19AC-4206-A428-E4015B11F919}.Release|Any CPU.Build.0 = Release|Any CPU
		{2D258E10-B72C-4A09-B03B-8EECC76765CE}.Debug|Any CPU.ActiveCfg = Debug|Any CPU
		{2D258E10-B72C-4A09-B03B-8EECC76765CE}.Debug|Any CPU.Build.0 = Debug|Any CPU
		{2D258E10-B72C-4A09-B03B-8EECC76765CE}.Release|Any CPU.ActiveCfg = Release|Any CPU
		{2D258E10-B72C-4A09-B03B-8EECC76765CE}.Release|Any CPU.Build.0 = Release|Any CPU
		{BAE9BE39-A0B6-410A-AE89-BF170E018BF0}.Debug|Any CPU.ActiveCfg = Debug|Any CPU
		{BAE9BE39-A0B6-410A-AE89-BF170E018BF0}.Debug|Any CPU.Build.0 = Debug|Any CPU
		{BAE9BE39-A0B6-410A-AE89-BF170E018BF0}.Release|Any CPU.ActiveCfg = Release|Any CPU
		{BAE9BE39-A0B6-410A-AE89-BF170E018BF0}.Release|Any CPU.Build.0 = Release|Any CPU
		{C4F1C392-A6F3-4748-AB45-9BA6F7DFFAD3}.Debug|Any CPU.ActiveCfg = Debug|Any CPU
		{C4F1C392-A6F3-4748-AB45-9BA6F7DFFAD3}.Debug|Any CPU.Build.0 = Debug|Any CPU
		{C4F1C392-A6F3-4748-AB45-9BA6F7DFFAD3}.Release|Any CPU.ActiveCfg = Release|Any CPU
		{C4F1C392-A6F3-4748-AB45-9BA6F7DFFAD3}.Release|Any CPU.Build.0 = Release|Any CPU
		{0D1A363F-785C-4DD6-9607-B7BE5594DC87}.Debug|Any CPU.ActiveCfg = Debug|Any CPU
		{0D1A363F-785C-4DD6-9607-B7BE5594DC87}.Debug|Any CPU.Build.0 = Debug|Any CPU
		{0D1A363F-785C-4DD6-9607-B7BE5594DC87}.Release|Any CPU.ActiveCfg = Release|Any CPU
		{0D1A363F-785C-4DD6-9607-B7BE5594DC87}.Release|Any CPU.Build.0 = Release|Any CPU
	EndGlobalSection
	GlobalSection(SolutionProperties) = preSolution
		HideSolutionNode = FALSE
	EndGlobalSection
	GlobalSection(NestedProjects) = preSolution
		{D05A900B-19AC-4206-A428-E4015B11F919} = {E064DFAE-4604-4AA7-9227-F66CB5A572FF}
		{2D258E10-B72C-4A09-B03B-8EECC76765CE} = {FF896BAB-B843-4796-9067-0B090CB8181F}
		{BAE9BE39-A0B6-410A-AE89-BF170E018BF0} = {FF896BAB-B843-4796-9067-0B090CB8181F}
		{C4F1C392-A6F3-4748-AB45-9BA6F7DFFAD3} = {A6B52C05-2E0A-472F-A052-C81FD1525BD2}
		{0D1A363F-785C-4DD6-9607-B7BE5594DC87} = {A6B52C05-2E0A-472F-A052-C81FD1525BD2}
	EndGlobalSection
EndGlobal
